Microsoft Visual Studio Solution File, Format Version 12.00
# Visual Studio 14
VisualStudioVersion = 14.0.24720.0
MinimumVisualStudioVersion = 10.0.40219.1
Project("{54435603-DBB4-11D2-8724-00A0C9A8B90C}") = "GridcoinResearch", "GridcoinInstaller\GridcoinResearch.vdproj", "{271E8C92-BD1D-4EF5-BA36-D19400C14212}"
EndProject
Project("{F184B08F-C81C-45F6-A57F-5ABD9991F28F}") = "boincstake", "boinc\boinc\boincstake.vbproj", "{359913F7-DF2D-4632-9A0C-52E9FD0D4ED9}"
EndProject
Project("{F184B08F-C81C-45F6-A57F-5ABD9991F28F}") = "GridcoinRDTestHarness", "GridcoinRDTestHarness\GridcoinRDTestHarness\GridcoinRDTestHarness.vbproj", "{4BC8C393-8CD6-4AF3-BFEE-EAA1CA10255B}"
EndProject
Project("{F184B08F-C81C-45F6-A57F-5ABD9991F28F}") = "GRCRestarter", "GRCRestarter\GRCRestarter\GRCRestarter\GRCRestarter.vbproj", "{71158817-61D2-45D2-B3B6-BAABAF1C1F83}"
EndProject
Project("{F184B08F-C81C-45F6-A57F-5ABD9991F28F}") = "ucGridcoinProgressBar", "ucGridcoinProgressBar\ucGridcoinProgressBar.vbproj", "{3E0975C0-22ED-4B0A-ACE4-CF5E6FA09A25}"
EndProject
Global
	GlobalSection(SolutionConfigurationPlatforms) = preSolution
		Debug|Any CPU = Debug|Any CPU
		Debug|Mixed Platforms = Debug|Mixed Platforms
		Debug|x86 = Debug|x86
		Release|Any CPU = Release|Any CPU
		Release|Mixed Platforms = Release|Mixed Platforms
		Release|x86 = Release|x86
	EndGlobalSection
	GlobalSection(ProjectConfigurationPlatforms) = postSolution
		{271E8C92-BD1D-4EF5-BA36-D19400C14212}.Debug|Any CPU.ActiveCfg = Debug
		{271E8C92-BD1D-4EF5-BA36-D19400C14212}.Debug|Any CPU.Build.0 = Debug
		{271E8C92-BD1D-4EF5-BA36-D19400C14212}.Debug|Mixed Platforms.ActiveCfg = Debug
		{271E8C92-BD1D-4EF5-BA36-D19400C14212}.Debug|Mixed Platforms.Build.0 = Debug
		{271E8C92-BD1D-4EF5-BA36-D19400C14212}.Debug|x86.ActiveCfg = Debug
		{271E8C92-BD1D-4EF5-BA36-D19400C14212}.Debug|x86.Build.0 = Debug
		{271E8C92-BD1D-4EF5-BA36-D19400C14212}.Release|Any CPU.ActiveCfg = Release
		{271E8C92-BD1D-4EF5-BA36-D19400C14212}.Release|Any CPU.Build.0 = Release
		{271E8C92-BD1D-4EF5-BA36-D19400C14212}.Release|Mixed Platforms.ActiveCfg = Release
		{271E8C92-BD1D-4EF5-BA36-D19400C14212}.Release|Mixed Platforms.Build.0 = Release
		{271E8C92-BD1D-4EF5-BA36-D19400C14212}.Release|x86.ActiveCfg = Release
		{271E8C92-BD1D-4EF5-BA36-D19400C14212}.Release|x86.Build.0 = Release
		{359913F7-DF2D-4632-9A0C-52E9FD0D4ED9}.Debug|Any CPU.ActiveCfg = Debug|Any CPU
		{359913F7-DF2D-4632-9A0C-52E9FD0D4ED9}.Debug|Any CPU.Build.0 = Debug|Any CPU
		{359913F7-DF2D-4632-9A0C-52E9FD0D4ED9}.Debug|Mixed Platforms.ActiveCfg = Debug|Any CPU
		{359913F7-DF2D-4632-9A0C-52E9FD0D4ED9}.Debug|Mixed Platforms.Build.0 = Debug|Any CPU
		{359913F7-DF2D-4632-9A0C-52E9FD0D4ED9}.Debug|x86.ActiveCfg = Debug|Any CPU
		{359913F7-DF2D-4632-9A0C-52E9FD0D4ED9}.Release|Any CPU.ActiveCfg = Release|Any CPU
		{359913F7-DF2D-4632-9A0C-52E9FD0D4ED9}.Release|Any CPU.Build.0 = Release|Any CPU
		{359913F7-DF2D-4632-9A0C-52E9FD0D4ED9}.Release|Mixed Platforms.ActiveCfg = Release|Any CPU
		{359913F7-DF2D-4632-9A0C-52E9FD0D4ED9}.Release|Mixed Platforms.Build.0 = Release|Any CPU
		{359913F7-DF2D-4632-9A0C-52E9FD0D4ED9}.Release|x86.ActiveCfg = Release|Any CPU
		{4BC8C393-8CD6-4AF3-BFEE-EAA1CA10255B}.Debug|Any CPU.ActiveCfg = Debug|x86
		{4BC8C393-8CD6-4AF3-BFEE-EAA1CA10255B}.Debug|Mixed Platforms.ActiveCfg = Debug|x86
		{4BC8C393-8CD6-4AF3-BFEE-EAA1CA10255B}.Debug|Mixed Platforms.Build.0 = Debug|x86
		{4BC8C393-8CD6-4AF3-BFEE-EAA1CA10255B}.Debug|x86.ActiveCfg = Debug|x86
		{4BC8C393-8CD6-4AF3-BFEE-EAA1CA10255B}.Debug|x86.Build.0 = Debug|x86
		{4BC8C393-8CD6-4AF3-BFEE-EAA1CA10255B}.Release|Any CPU.ActiveCfg = Release|x86
		{4BC8C393-8CD6-4AF3-BFEE-EAA1CA10255B}.Release|Mixed Platforms.ActiveCfg = Release|x86
		{4BC8C393-8CD6-4AF3-BFEE-EAA1CA10255B}.Release|Mixed Platforms.Build.0 = Release|x86
		{4BC8C393-8CD6-4AF3-BFEE-EAA1CA10255B}.Release|x86.ActiveCfg = Release|x86
		{4BC8C393-8CD6-4AF3-BFEE-EAA1CA10255B}.Release|x86.Build.0 = Release|x86
		{71158817-61D2-45D2-B3B6-BAABAF1C1F83}.Debug|Any CPU.ActiveCfg = Debug|x86
		{71158817-61D2-45D2-B3B6-BAABAF1C1F83}.Debug|Mixed Platforms.ActiveCfg = Debug|x86
		{71158817-61D2-45D2-B3B6-BAABAF1C1F83}.Debug|Mixed Platforms.Build.0 = Debug|x86
		{71158817-61D2-45D2-B3B6-BAABAF1C1F83}.Debug|x86.ActiveCfg = Debug|x86
		{71158817-61D2-45D2-B3B6-BAABAF1C1F83}.Debug|x86.Build.0 = Debug|x86
		{71158817-61D2-45D2-B3B6-BAABAF1C1F83}.Release|Any CPU.ActiveCfg = Release|x86
		{71158817-61D2-45D2-B3B6-BAABAF1C1F83}.Release|Mixed Platforms.ActiveCfg = Release|x86
		{71158817-61D2-45D2-B3B6-BAABAF1C1F83}.Release|Mixed Platforms.Build.0 = Release|x86
		{71158817-61D2-45D2-B3B6-BAABAF1C1F83}.Release|x86.ActiveCfg = Release|x86
		{71158817-61D2-45D2-B3B6-BAABAF1C1F83}.Release|x86.Build.0 = Release|x86
		{3E0975C0-22ED-4B0A-ACE4-CF5E6FA09A25}.Debug|Any CPU.ActiveCfg = Debug|Any CPU
		{3E0975C0-22ED-4B0A-ACE4-CF5E6FA09A25}.Debug|Any CPU.Build.0 = Debug|Any CPU
		{3E0975C0-22ED-4B0A-ACE4-CF5E6FA09A25}.Debug|Mixed Platforms.ActiveCfg = Debug|Any CPU
		{3E0975C0-22ED-4B0A-ACE4-CF5E6FA09A25}.Debug|Mixed Platforms.Build.0 = Debug|Any CPU
		{3E0975C0-22ED-4B0A-ACE4-CF5E6FA09A25}.Debug|x86.ActiveCfg = Debug|Any CPU
		{3E0975C0-22ED-4B0A-ACE4-CF5E6FA09A25}.Release|Any CPU.ActiveCfg = Release|Any CPU
		{3E0975C0-22ED-4B0A-ACE4-CF5E6FA09A25}.Release|Any CPU.Build.0 = Release|Any CPU
		{3E0975C0-22ED-4B0A-ACE4-CF5E6FA09A25}.Release|Mixed Platforms.ActiveCfg = Release|Any CPU
		{3E0975C0-22ED-4B0A-ACE4-CF5E6FA09A25}.Release|Mixed Platforms.Build.0 = Release|Any CPU
		{3E0975C0-22ED-4B0A-ACE4-CF5E6FA09A25}.Release|x86.ActiveCfg = Release|Any CPU
	EndGlobalSection
	GlobalSection(SolutionProperties) = preSolution
		HideSolutionNode = FALSE
	EndGlobalSection
EndGlobal
