<?xml version="1.0" encoding="utf-8"?>
<Project ToolsVersion="4.0" xmlns="http://schemas.microsoft.com/developer/msbuild/2003">
  <ItemGroup>
    <ClCompile Include="lib\mkstemp.c" />
    <ClCompile Include="lib\zip_add.c" />
    <ClCompile Include="lib\zip_add_dir.c" />
    <ClCompile Include="lib\zip_close.c" />
    <ClCompile Include="lib\zip_delete.c" />
    <ClCompile Include="lib\zip_dirent.c" />
    <ClCompile Include="lib\zip_entry_free.c" />
    <ClCompile Include="lib\zip_entry_new.c" />
    <ClCompile Include="lib\zip_err_str.c" />
    <ClCompile Include="lib\zip_error.c" />
    <ClCompile Include="lib\zip_error_clear.c" />
    <ClCompile Include="lib\zip_error_get.c" />
    <ClCompile Include="lib\zip_error_get_sys_type.c" />
    <ClCompile Include="lib\zip_error_strerror.c" />
    <ClCompile Include="lib\zip_error_to_str.c" />
    <ClCompile Include="lib\zip_fclose.c" />
    <ClCompile Include="lib\zip_fdopen.c" />
    <ClCompile Include="lib\zip_file_error_clear.c" />
    <ClCompile Include="lib\zip_file_error_get.c" />
    <ClCompile Include="lib\zip_file_get_offset.c" />
    <ClCompile Include="lib\zip_file_strerror.c" />
    <ClCompile Include="lib\zip_filerange_crc.c" />
    <ClCompile Include="lib\zip_fopen.c" />
    <ClCompile Include="lib\zip_fopen_encrypted.c" />
    <ClCompile Include="lib\zip_fopen_index.c" />
    <ClCompile Include="lib\zip_fopen_index_encrypted.c" />
    <ClCompile Include="lib\zip_fread.c" />
    <ClCompile Include="lib\zip_free.c" />
    <ClCompile Include="lib\zip_get_archive_comment.c" />
    <ClCompile Include="lib\zip_get_archive_flag.c" />
    <ClCompile Include="lib\zip_get_compression_implementation.c" />
    <ClCompile Include="lib\zip_get_encryption_implementation.c" />
    <ClCompile Include="lib\zip_get_file_comment.c" />
    <ClCompile Include="lib\zip_get_file_extra.c" />
    <ClCompile Include="lib\zip_get_name.c" />
    <ClCompile Include="lib\zip_get_num_entries.c" />
    <ClCompile Include="lib\zip_get_num_files.c" />
    <ClCompile Include="lib\zip_memdup.c" />
    <ClCompile Include="lib\zip_name_locate.c" />
    <ClCompile Include="lib\zip_new.c" />
    <ClCompile Include="lib\zip_open.c" />
    <ClCompile Include="lib\zip_rename.c" />
    <ClCompile Include="lib\zip_replace.c" />
    <ClCompile Include="lib\zip_set_archive_comment.c" />
    <ClCompile Include="lib\zip_set_archive_flag.c" />
    <ClCompile Include="lib\zip_set_default_password.c" />
    <ClCompile Include="lib\zip_set_file_comment.c" />
    <ClCompile Include="lib\zip_set_file_extra.c" />
    <ClCompile Include="lib\zip_set_name.c" />
    <ClCompile Include="lib\zip_source_buffer.c" />
    <ClCompile Include="lib\zip_source_close.c" />
    <ClCompile Include="lib\zip_source_crc.c" />
    <ClCompile Include="lib\zip_source_deflate.c" />
    <ClCompile Include="lib\zip_source_error.c" />
    <ClCompile Include="lib\zip_source_file.c" />
    <ClCompile Include="lib\zip_source_filep.c" />
    <ClCompile Include="lib\zip_source_free.c" />
    <ClCompile Include="lib\zip_source_function.c" />
    <ClCompile Include="lib\zip_source_layered.c" />
    <ClCompile Include="lib\zip_source_open.c" />
    <ClCompile Include="lib\zip_source_pkware.c" />
    <ClCompile Include="lib\zip_source_pop.c" />
    <ClCompile Include="lib\zip_source_read.c" />
    <ClCompile Include="lib\zip_source_stat.c" />
    <ClCompile Include="lib\zip_source_zip.c" />
    <ClCompile Include="lib\zip_stat.c" />
    <ClCompile Include="lib\zip_stat_index.c" />
    <ClCompile Include="lib\zip_stat_init.c" />
    <ClCompile Include="lib\zip_strerror.c" />
    <ClCompile Include="lib\zip_unchange.c" />
    <ClCompile Include="lib\zip_unchange_all.c" />
    <ClCompile Include="lib\zip_unchange_archive.c" />
    <ClCompile Include="lib\zip_unchange_data.c" />
  </ItemGroup>
</Project>