
Microsoft Visual Studio Solution File, Format Version 11.00
# Visual Studio 2010
Project("{FAE04EC0-301F-11D3-BF4B-00C04F79EFBC}") = "GridcoinGalaza", "GridcoinGalaza\GridcoinGalaza.csproj", "{BF844E13-67C9-4C71-89F8-9011D55D7448}"
EndProject
Global
	GlobalSection(SolutionConfigurationPlatforms) = preSolution
		Debug|Any CPU = Debug|Any CPU
		Release|Any CPU = Release|Any CPU
	EndGlobalSection
	GlobalSection(ProjectConfigurationPlatforms) = postSolution
		{BF844E13-67C9-4C71-89F8-9011D55D7448}.Debug|Any CPU.ActiveCfg = Debug|Any CPU
		{BF844E13-67C9-4C71-89F8-9011D55D7448}.Debug|Any CPU.Build.0 = Debug|Any CPU
		{BF844E13-67C9-4C71-89F8-9011D55D7448}.Release|Any CPU.ActiveCfg = Release|Any CPU
		{BF844E13-67C9-4C71-89F8-9011D55D7448}.Release|Any CPU.Build.0 = Release|Any CPU
	EndGlobalSection
	GlobalSection(SolutionProperties) = preSolution
		HideSolutionNode = FALSE
	EndGlobalSection
EndGlobal
