
Microsoft Visual Studio Solution File, Format Version 9.00
# Visual Studio 2005
Project("{8BC9CEB8-8B4A-11D0-8D11-00A0C91BC942}") = "db_sql", "VS8\db_sql.vcproj"", "{ACE41B30-04BB-11DF-8A39-0800200C9A66}"
	ProjectSection(ProjectDependencies) = postProject
		{CDE1C264-5E6C-11DF-AC8B-D58FDFD72085} = {CDE1C264-5E6C-11DF-AC8B-D58FDFD72085}
	EndProjectSection
EndProject
Project("{8BC9CEB8-8B4A-11D0-8D11-00A0C91BC942}") = "wce_sql", "VS8\wce_sql.vcproj"", "{75DF98AA-25DF-4183-A022-024CF918480D}"
	ProjectSection(ProjectDependencies) = postProject
		{ACE41B30-04BB-11DF-8A39-0800200C9A66} = {ACE41B30-04BB-11DF-8A39-0800200C9A66}
		{CDE1C264-5E6C-11DF-AC8B-D58FDFD72085} = {CDE1C264-5E6C-11DF-AC8B-D58FDFD72085}
	EndProjectSection
EndProject
Project("{8BC9CEB8-8B4A-11D0-8D11-00A0C91BC942}") = "wce_tpcb", "VS8\wce_tpcb.vcproj"", "{F2CE670A-ABAE-414A-9A17-8079AB58613F}"
	ProjectSection(ProjectDependencies) = postProject
		{CDE1C264-5E6C-11DF-AC8B-D58FDFD72085} = {CDE1C264-5E6C-11DF-AC8B-D58FDFD72085}
	EndProjectSection
EndProject
Project("{8BC9CEB8-8B4A-11D0-8D11-00A0C91BC942}") = "db", "VS8\db.vcproj"", "{CDE1C264-5E6C-11DF-AC8B-D58FDFD72085}"
EndProject
Project("{8BC9CEB8-8B4A-11D0-8D11-00A0C91BC942}") = "db_small", "VS8\db_small.vcproj"", "{F016AF0B-CBFD-4083-B501-4A1D0A934A2D}"
EndProject
Global
	GlobalSection(SolutionConfigurationPlatforms) = preSolution
		Debug|Pocket PC 2003 (ARMV4) = Debug|Pocket PC 2003 (ARMV4)
		Debug|Smartphone 2003 (ARMV4) = Debug|Smartphone 2003 (ARMV4)
		Debug|Windows Mobile 6.5.3 Professional DTK (ARMV4I) = Debug|Windows Mobile 6.5.3 Professional DTK (ARMV4I)
		Release|Pocket PC 2003 (ARMV4) = Release|Pocket PC 2003 (ARMV4)
		Release|Smartphone 2003 (ARMV4) = Release|Smartphone 2003 (ARMV4)
		Release|Windows Mobile 6.5.3 Professional DTK (ARMV4I) = Release|Windows Mobile 6.5.3 Professional DTK (ARMV4I)
		Static Debug|Pocket PC 2003 (ARMV4) = Static Debug|Pocket PC 2003 (ARMV4)
		Static Debug|Smartphone 2003 (ARMV4) = Static Debug|Smartphone 2003 (ARMV4)
		Static Debug|Windows Mobile 6.5.3 Professional DTK (ARMV4I) = Static Debug|Windows Mobile 6.5.3 Professional DTK (ARMV4I)
		Static Release|Pocket PC 2003 (ARMV4) = Static Release|Pocket PC 2003 (ARMV4)
		Static Release|Smartphone 2003 (ARMV4) = Static Release|Smartphone 2003 (ARMV4)
		Static Release|Windows Mobile 6.5.3 Professional DTK (ARMV4I) = Static Release|Windows Mobile 6.5.3 Professional DTK (ARMV4I)
	EndGlobalSection
	GlobalSection(ProjectConfigurationPlatforms) = postSolution
		{ACE41B30-04BB-11DF-8A39-0800200C9A66}.Debug|Pocket PC 2003 (ARMV4).ActiveCfg = Debug|Pocket PC 2003 (ARMV4)
		{ACE41B30-04BB-11DF-8A39-0800200C9A66}.Debug|Pocket PC 2003 (ARMV4).Build.0 = Debug|Pocket PC 2003 (ARMV4)
		{ACE41B30-04BB-11DF-8A39-0800200C9A66}.Debug|Pocket PC 2003 (ARMV4).Deploy.0 = Debug|Pocket PC 2003 (ARMV4)
		{ACE41B30-04BB-11DF-8A39-0800200C9A66}.Debug|Smartphone 2003 (ARMV4).ActiveCfg = Debug|Smartphone 2003 (ARMV4)
		{ACE41B30-04BB-11DF-8A39-0800200C9A66}.Debug|Smartphone 2003 (ARMV4).Build.0 = Debug|Smartphone 2003 (ARMV4)
		{ACE41B30-04BB-11DF-8A39-0800200C9A66}.Debug|Smartphone 2003 (ARMV4).Deploy.0 = Debug|Smartphone 2003 (ARMV4)
		{ACE41B30-04BB-11DF-8A39-0800200C9A66}.Debug|Windows Mobile 6.5.3 Professional DTK (ARMV4I).ActiveCfg = Debug|Windows Mobile 6.5.3 Professional DTK (ARMV4I)
		{ACE41B30-04BB-11DF-8A39-0800200C9A66}.Debug|Windows Mobile 6.5.3 Professional DTK (ARMV4I).Build.0 = Debug|Windows Mobile 6.5.3 Professional DTK (ARMV4I)
		{ACE41B30-04BB-11DF-8A39-0800200C9A66}.Debug|Windows Mobile 6.5.3 Professional DTK (ARMV4I).Deploy.0 = Debug|Windows Mobile 6.5.3 Professional DTK (ARMV4I)
		{ACE41B30-04BB-11DF-8A39-0800200C9A66}.Release|Pocket PC 2003 (ARMV4).ActiveCfg = Release|Pocket PC 2003 (ARMV4)
		{ACE41B30-04BB-11DF-8A39-0800200C9A66}.Release|Pocket PC 2003 (ARMV4).Build.0 = Release|Pocket PC 2003 (ARMV4)
		{ACE41B30-04BB-11DF-8A39-0800200C9A66}.Release|Pocket PC 2003 (ARMV4).Deploy.0 = Release|Pocket PC 2003 (ARMV4)
		{ACE41B30-04BB-11DF-8A39-0800200C9A66}.Release|Smartphone 2003 (ARMV4).ActiveCfg = Release|Smartphone 2003 (ARMV4)
		{ACE41B30-04BB-11DF-8A39-0800200C9A66}.Release|Smartphone 2003 (ARMV4).Build.0 = Release|Smartphone 2003 (ARMV4)
		{ACE41B30-04BB-11DF-8A39-0800200C9A66}.Release|Smartphone 2003 (ARMV4).Deploy.0 = Release|Smartphone 2003 (ARMV4)
		{ACE41B30-04BB-11DF-8A39-0800200C9A66}.Release|Windows Mobile 6.5.3 Professional DTK (ARMV4I).ActiveCfg = Release|Windows Mobile 6.5.3 Professional DTK (ARMV4I)
		{ACE41B30-04BB-11DF-8A39-0800200C9A66}.Release|Windows Mobile 6.5.3 Professional DTK (ARMV4I).Build.0 = Release|Windows Mobile 6.5.3 Professional DTK (ARMV4I)
		{ACE41B30-04BB-11DF-8A39-0800200C9A66}.Release|Windows Mobile 6.5.3 Professional DTK (ARMV4I).Deploy.0 = Release|Windows Mobile 6.5.3 Professional DTK (ARMV4I)
		{ACE41B30-04BB-11DF-8A39-0800200C9A66}.Static Debug|Pocket PC 2003 (ARMV4).ActiveCfg = Static Debug|Pocket PC 2003 (ARMV4)
		{ACE41B30-04BB-11DF-8A39-0800200C9A66}.Static Debug|Pocket PC 2003 (ARMV4).Build.0 = Static Debug|Pocket PC 2003 (ARMV4)
		{ACE41B30-04BB-11DF-8A39-0800200C9A66}.Static Debug|Pocket PC 2003 (ARMV4).Deploy.0 = Static Debug|Pocket PC 2003 (ARMV4)
		{ACE41B30-04BB-11DF-8A39-0800200C9A66}.Static Debug|Smartphone 2003 (ARMV4).ActiveCfg = Static Debug|Smartphone 2003 (ARMV4)
		{ACE41B30-04BB-11DF-8A39-0800200C9A66}.Static Debug|Smartphone 2003 (ARMV4).Build.0 = Static Debug|Smartphone 2003 (ARMV4)
		{ACE41B30-04BB-11DF-8A39-0800200C9A66}.Static Debug|Smartphone 2003 (ARMV4).Deploy.0 = Static Debug|Smartphone 2003 (ARMV4)
		{ACE41B30-04BB-11DF-8A39-0800200C9A66}.Static Debug|Windows Mobile 6.5.3 Professional DTK (ARMV4I).ActiveCfg = Static Debug|Windows Mobile 6.5.3 Professional DTK (ARMV4I)
		{ACE41B30-04BB-11DF-8A39-0800200C9A66}.Static Debug|Windows Mobile 6.5.3 Professional DTK (ARMV4I).Build.0 = Static Debug|Windows Mobile 6.5.3 Professional DTK (ARMV4I)
		{ACE41B30-04BB-11DF-8A39-0800200C9A66}.Static Debug|Windows Mobile 6.5.3 Professional DTK (ARMV4I).Deploy.0 = Static Debug|Windows Mobile 6.5.3 Professional DTK (ARMV4I)
		{ACE41B30-04BB-11DF-8A39-0800200C9A66}.Static Release|Pocket PC 2003 (ARMV4).ActiveCfg = Static Release|Pocket PC 2003 (ARMV4)
		{ACE41B30-04BB-11DF-8A39-0800200C9A66}.Static Release|Pocket PC 2003 (ARMV4).Build.0 = Static Release|Pocket PC 2003 (ARMV4)
		{ACE41B30-04BB-11DF-8A39-0800200C9A66}.Static Release|Pocket PC 2003 (ARMV4).Deploy.0 = Static Release|Pocket PC 2003 (ARMV4)
		{ACE41B30-04BB-11DF-8A39-0800200C9A66}.Static Release|Smartphone 2003 (ARMV4).ActiveCfg = Static Release|Smartphone 2003 (ARMV4)
		{ACE41B30-04BB-11DF-8A39-0800200C9A66}.Static Release|Smartphone 2003 (ARMV4).Build.0 = Static Release|Smartphone 2003 (ARMV4)
		{ACE41B30-04BB-11DF-8A39-0800200C9A66}.Static Release|Smartphone 2003 (ARMV4).Deploy.0 = Static Release|Smartphone 2003 (ARMV4)
		{ACE41B30-04BB-11DF-8A39-0800200C9A66}.Static Release|Windows Mobile 6.5.3 Professional DTK (ARMV4I).ActiveCfg = Static Release|Windows Mobile 6.5.3 Professional DTK (ARMV4I)
		{ACE41B30-04BB-11DF-8A39-0800200C9A66}.Static Release|Windows Mobile 6.5.3 Professional DTK (ARMV4I).Build.0 = Static Release|Windows Mobile 6.5.3 Professional DTK (ARMV4I)
		{ACE41B30-04BB-11DF-8A39-0800200C9A66}.Static Release|Windows Mobile 6.5.3 Professional DTK (ARMV4I).Deploy.0 = Static Release|Windows Mobile 6.5.3 Professional DTK (ARMV4I)
		{75DF98AA-25DF-4183-A022-024CF918480D}.Debug|Pocket PC 2003 (ARMV4).ActiveCfg = Debug|Pocket PC 2003 (ARMV4)
		{75DF98AA-25DF-4183-A022-024CF918480D}.Debug|Pocket PC 2003 (ARMV4).Build.0 = Debug|Pocket PC 2003 (ARMV4)
		{75DF98AA-25DF-4183-A022-024CF918480D}.Debug|Pocket PC 2003 (ARMV4).Deploy.0 = Debug|Pocket PC 2003 (ARMV4)
		{75DF98AA-25DF-4183-A022-024CF918480D}.Debug|Smartphone 2003 (ARMV4).ActiveCfg = Debug|Smartphone 2003 (ARMV4)
		{75DF98AA-25DF-4183-A022-024CF918480D}.Debug|Smartphone 2003 (ARMV4).Build.0 = Debug|Smartphone 2003 (ARMV4)
		{75DF98AA-25DF-4183-A022-024CF918480D}.Debug|Smartphone 2003 (ARMV4).Deploy.0 = Debug|Smartphone 2003 (ARMV4)
		{75DF98AA-25DF-4183-A022-024CF918480D}.Debug|Windows Mobile 6.5.3 Professional DTK (ARMV4I).ActiveCfg = Debug|Windows Mobile 6.5.3 Professional DTK (ARMV4I)
		{75DF98AA-25DF-4183-A022-024CF918480D}.Debug|Windows Mobile 6.5.3 Professional DTK (ARMV4I).Build.0 = Debug|Windows Mobile 6.5.3 Professional DTK (ARMV4I)
		{75DF98AA-25DF-4183-A022-024CF918480D}.Debug|Windows Mobile 6.5.3 Professional DTK (ARMV4I).Deploy.0 = Debug|Windows Mobile 6.5.3 Professional DTK (ARMV4I)
		{75DF98AA-25DF-4183-A022-024CF918480D}.Release|Pocket PC 2003 (ARMV4).ActiveCfg = Release|Pocket PC 2003 (ARMV4)
		{75DF98AA-25DF-4183-A022-024CF918480D}.Release|Pocket PC 2003 (ARMV4).Build.0 = Release|Pocket PC 2003 (ARMV4)
		{75DF98AA-25DF-4183-A022-024CF918480D}.Release|Pocket PC 2003 (ARMV4).Deploy.0 = Release|Pocket PC 2003 (ARMV4)
		{75DF98AA-25DF-4183-A022-024CF918480D}.Release|Smartphone 2003 (ARMV4).ActiveCfg = Release|Smartphone 2003 (ARMV4)
		{75DF98AA-25DF-4183-A022-024CF918480D}.Release|Smartphone 2003 (ARMV4).Build.0 = Release|Smartphone 2003 (ARMV4)
		{75DF98AA-25DF-4183-A022-024CF918480D}.Release|Smartphone 2003 (ARMV4).Deploy.0 = Release|Smartphone 2003 (ARMV4)
		{75DF98AA-25DF-4183-A022-024CF918480D}.Release|Windows Mobile 6.5.3 Professional DTK (ARMV4I).ActiveCfg = Release|Windows Mobile 6.5.3 Professional DTK (ARMV4I)
		{75DF98AA-25DF-4183-A022-024CF918480D}.Release|Windows Mobile 6.5.3 Professional DTK (ARMV4I).Build.0 = Release|Windows Mobile 6.5.3 Professional DTK (ARMV4I)
		{75DF98AA-25DF-4183-A022-024CF918480D}.Release|Windows Mobile 6.5.3 Professional DTK (ARMV4I).Deploy.0 = Release|Windows Mobile 6.5.3 Professional DTK (ARMV4I)
		{75DF98AA-25DF-4183-A022-024CF918480D}.Static Debug|Pocket PC 2003 (ARMV4).ActiveCfg = Debug|Pocket PC 2003 (ARMV4)
		{75DF98AA-25DF-4183-A022-024CF918480D}.Static Debug|Pocket PC 2003 (ARMV4).Build.0 = Debug|Pocket PC 2003 (ARMV4)
		{75DF98AA-25DF-4183-A022-024CF918480D}.Static Debug|Pocket PC 2003 (ARMV4).Deploy.0 = Debug|Pocket PC 2003 (ARMV4)
		{75DF98AA-25DF-4183-A022-024CF918480D}.Static Debug|Smartphone 2003 (ARMV4).ActiveCfg = Debug|Smartphone 2003 (ARMV4)
		{75DF98AA-25DF-4183-A022-024CF918480D}.Static Debug|Smartphone 2003 (ARMV4).Build.0 = Debug|Smartphone 2003 (ARMV4)
		{75DF98AA-25DF-4183-A022-024CF918480D}.Static Debug|Smartphone 2003 (ARMV4).Deploy.0 = Debug|Smartphone 2003 (ARMV4)
		{75DF98AA-25DF-4183-A022-024CF918480D}.Static Debug|Windows Mobile 6.5.3 Professional DTK (ARMV4I).ActiveCfg = Debug|Windows Mobile 6.5.3 Professional DTK (ARMV4I)
		{75DF98AA-25DF-4183-A022-024CF918480D}.Static Debug|Windows Mobile 6.5.3 Professional DTK (ARMV4I).Build.0 = Debug|Windows Mobile 6.5.3 Professional DTK (ARMV4I)
		{75DF98AA-25DF-4183-A022-024CF918480D}.Static Debug|Windows Mobile 6.5.3 Professional DTK (ARMV4I).Deploy.0 = Debug|Windows Mobile 6.5.3 Professional DTK (ARMV4I)
		{75DF98AA-25DF-4183-A022-024CF918480D}.Static Release|Pocket PC 2003 (ARMV4).ActiveCfg = Release|Pocket PC 2003 (ARMV4)
		{75DF98AA-25DF-4183-A022-024CF918480D}.Static Release|Pocket PC 2003 (ARMV4).Build.0 = Release|Pocket PC 2003 (ARMV4)
		{75DF98AA-25DF-4183-A022-024CF918480D}.Static Release|Pocket PC 2003 (ARMV4).Deploy.0 = Release|Pocket PC 2003 (ARMV4)
		{75DF98AA-25DF-4183-A022-024CF918480D}.Static Release|Smartphone 2003 (ARMV4).ActiveCfg = Release|Smartphone 2003 (ARMV4)
		{75DF98AA-25DF-4183-A022-024CF918480D}.Static Release|Smartphone 2003 (ARMV4).Build.0 = Release|Smartphone 2003 (ARMV4)
		{75DF98AA-25DF-4183-A022-024CF918480D}.Static Release|Smartphone 2003 (ARMV4).Deploy.0 = Release|Smartphone 2003 (ARMV4)
		{75DF98AA-25DF-4183-A022-024CF918480D}.Static Release|Windows Mobile 6.5.3 Professional DTK (ARMV4I).ActiveCfg = Release|Windows Mobile 6.5.3 Professional DTK (ARMV4I)
		{75DF98AA-25DF-4183-A022-024CF918480D}.Static Release|Windows Mobile 6.5.3 Professional DTK (ARMV4I).Build.0 = Release|Windows Mobile 6.5.3 Professional DTK (ARMV4I)
		{75DF98AA-25DF-4183-A022-024CF918480D}.Static Release|Windows Mobile 6.5.3 Professional DTK (ARMV4I).Deploy.0 = Release|Windows Mobile 6.5.3 Professional DTK (ARMV4I)
		{F2CE670A-ABAE-414A-9A17-8079AB58613F}.Debug|Pocket PC 2003 (ARMV4).ActiveCfg = Debug|Pocket PC 2003 (ARMV4)
		{F2CE670A-ABAE-414A-9A17-8079AB58613F}.Debug|Pocket PC 2003 (ARMV4).Build.0 = Debug|Pocket PC 2003 (ARMV4)
		{F2CE670A-ABAE-414A-9A17-8079AB58613F}.Debug|Pocket PC 2003 (ARMV4).Deploy.0 = Debug|Pocket PC 2003 (ARMV4)
		{F2CE670A-ABAE-414A-9A17-8079AB58613F}.Debug|Smartphone 2003 (ARMV4).ActiveCfg = Debug|Smartphone 2003 (ARMV4)
		{F2CE670A-ABAE-414A-9A17-8079AB58613F}.Debug|Smartphone 2003 (ARMV4).Build.0 = Debug|Smartphone 2003 (ARMV4)
		{F2CE670A-ABAE-414A-9A17-8079AB58613F}.Debug|Smartphone 2003 (ARMV4).Deploy.0 = Debug|Smartphone 2003 (ARMV4)
		{F2CE670A-ABAE-414A-9A17-8079AB58613F}.Debug|Windows Mobile 6.5.3 Professional DTK (ARMV4I).ActiveCfg = Debug|Windows Mobile 6.5.3 Professional DTK (ARMV4I)
		{F2CE670A-ABAE-414A-9A17-8079AB58613F}.Debug|Windows Mobile 6.5.3 Professional DTK (ARMV4I).Build.0 = Debug|Windows Mobile 6.5.3 Professional DTK (ARMV4I)
		{F2CE670A-ABAE-414A-9A17-8079AB58613F}.Debug|Windows Mobile 6.5.3 Professional DTK (ARMV4I).Deploy.0 = Debug|Windows Mobile 6.5.3 Professional DTK (ARMV4I)
		{F2CE670A-ABAE-414A-9A17-8079AB58613F}.Release|Pocket PC 2003 (ARMV4).ActiveCfg = Release|Pocket PC 2003 (ARMV4)
		{F2CE670A-ABAE-414A-9A17-8079AB58613F}.Release|Pocket PC 2003 (ARMV4).Build.0 = Release|Pocket PC 2003 (ARMV4)
		{F2CE670A-ABAE-414A-9A17-8079AB58613F}.Release|Pocket PC 2003 (ARMV4).Deploy.0 = Release|Pocket PC 2003 (ARMV4)
		{F2CE670A-ABAE-414A-9A17-8079AB58613F}.Release|Smartphone 2003 (ARMV4).ActiveCfg = Release|Smartphone 2003 (ARMV4)
		{F2CE670A-ABAE-414A-9A17-8079AB58613F}.Release|Smartphone 2003 (ARMV4).Build.0 = Release|Smartphone 2003 (ARMV4)
		{F2CE670A-ABAE-414A-9A17-8079AB58613F}.Release|Smartphone 2003 (ARMV4).Deploy.0 = Release|Smartphone 2003 (ARMV4)
		{F2CE670A-ABAE-414A-9A17-8079AB58613F}.Release|Windows Mobile 6.5.3 Professional DTK (ARMV4I).ActiveCfg = Release|Windows Mobile 6.5.3 Professional DTK (ARMV4I)
		{F2CE670A-ABAE-414A-9A17-8079AB58613F}.Release|Windows Mobile 6.5.3 Professional DTK (ARMV4I).Build.0 = Release|Windows Mobile 6.5.3 Professional DTK (ARMV4I)
		{F2CE670A-ABAE-414A-9A17-8079AB58613F}.Release|Windows Mobile 6.5.3 Professional DTK (ARMV4I).Deploy.0 = Release|Windows Mobile 6.5.3 Professional DTK (ARMV4I)
		{F2CE670A-ABAE-414A-9A17-8079AB58613F}.Static Debug|Pocket PC 2003 (ARMV4).ActiveCfg = Debug|Pocket PC 2003 (ARMV4)
		{F2CE670A-ABAE-414A-9A17-8079AB58613F}.Static Debug|Pocket PC 2003 (ARMV4).Build.0 = Debug|Pocket PC 2003 (ARMV4)
		{F2CE670A-ABAE-414A-9A17-8079AB58613F}.Static Debug|Pocket PC 2003 (ARMV4).Deploy.0 = Debug|Pocket PC 2003 (ARMV4)
		{F2CE670A-ABAE-414A-9A17-8079AB58613F}.Static Debug|Smartphone 2003 (ARMV4).ActiveCfg = Debug|Smartphone 2003 (ARMV4)
		{F2CE670A-ABAE-414A-9A17-8079AB58613F}.Static Debug|Smartphone 2003 (ARMV4).Build.0 = Debug|Smartphone 2003 (ARMV4)
		{F2CE670A-ABAE-414A-9A17-8079AB58613F}.Static Debug|Smartphone 2003 (ARMV4).Deploy.0 = Debug|Smartphone 2003 (ARMV4)
		{F2CE670A-ABAE-414A-9A17-8079AB58613F}.Static Debug|Windows Mobile 6.5.3 Professional DTK (ARMV4I).ActiveCfg = Debug|Windows Mobile 6.5.3 Professional DTK (ARMV4I)
		{F2CE670A-ABAE-414A-9A17-8079AB58613F}.Static Debug|Windows Mobile 6.5.3 Professional DTK (ARMV4I).Build.0 = Debug|Windows Mobile 6.5.3 Professional DTK (ARMV4I)
		{F2CE670A-ABAE-414A-9A17-8079AB58613F}.Static Debug|Windows Mobile 6.5.3 Professional DTK (ARMV4I).Deploy.0 = Debug|Windows Mobile 6.5.3 Professional DTK (ARMV4I)
		{F2CE670A-ABAE-414A-9A17-8079AB58613F}.Static Release|Pocket PC 2003 (ARMV4).ActiveCfg = Release|Pocket PC 2003 (ARMV4)
		{F2CE670A-ABAE-414A-9A17-8079AB58613F}.Static Release|Pocket PC 2003 (ARMV4).Build.0 = Release|Pocket PC 2003 (ARMV4)
		{F2CE670A-ABAE-414A-9A17-8079AB58613F}.Static Release|Pocket PC 2003 (ARMV4).Deploy.0 = Release|Pocket PC 2003 (ARMV4)
		{F2CE670A-ABAE-414A-9A17-8079AB58613F}.Static Release|Smartphone 2003 (ARMV4).ActiveCfg = Release|Smartphone 2003 (ARMV4)
		{F2CE670A-ABAE-414A-9A17-8079AB58613F}.Static Release|Smartphone 2003 (ARMV4).Build.0 = Release|Smartphone 2003 (ARMV4)
		{F2CE670A-ABAE-414A-9A17-8079AB58613F}.Static Release|Smartphone 2003 (ARMV4).Deploy.0 = Release|Smartphone 2003 (ARMV4)
		{F2CE670A-ABAE-414A-9A17-8079AB58613F}.Static Release|Windows Mobile 6.5.3 Professional DTK (ARMV4I).ActiveCfg = Release|Windows Mobile 6.5.3 Professional DTK (ARMV4I)
		{F2CE670A-ABAE-414A-9A17-8079AB58613F}.Static Release|Windows Mobile 6.5.3 Professional DTK (ARMV4I).Build.0 = Release|Windows Mobile 6.5.3 Professional DTK (ARMV4I)
		{F2CE670A-ABAE-414A-9A17-8079AB58613F}.Static Release|Windows Mobile 6.5.3 Professional DTK (ARMV4I).Deploy.0 = Release|Windows Mobile 6.5.3 Professional DTK (ARMV4I)
		{CDE1C264-5E6C-11DF-AC8B-D58FDFD72085}.Debug|Pocket PC 2003 (ARMV4).ActiveCfg = Static Debug|Pocket PC 2003 (ARMV4)
		{CDE1C264-5E6C-11DF-AC8B-D58FDFD72085}.Debug|Pocket PC 2003 (ARMV4).Build.0 = Static Debug|Pocket PC 2003 (ARMV4)
		{CDE1C264-5E6C-11DF-AC8B-D58FDFD72085}.Debug|Pocket PC 2003 (ARMV4).Deploy.0 = Static Debug|Pocket PC 2003 (ARMV4)
		{CDE1C264-5E6C-11DF-AC8B-D58FDFD72085}.Debug|Smartphone 2003 (ARMV4).ActiveCfg = Static Debug|Smartphone 2003 (ARMV4)
		{CDE1C264-5E6C-11DF-AC8B-D58FDFD72085}.Debug|Smartphone 2003 (ARMV4).Build.0 = Static Debug|Smartphone 2003 (ARMV4)
		{CDE1C264-5E6C-11DF-AC8B-D58FDFD72085}.Debug|Smartphone 2003 (ARMV4).Deploy.0 = Static Debug|Smartphone 2003 (ARMV4)
		{CDE1C264-5E6C-11DF-AC8B-D58FDFD72085}.Debug|Windows Mobile 6.5.3 Professional DTK (ARMV4I).ActiveCfg = Static Debug|Windows Mobile 6.5.3 Professional DTK (ARMV4I)
		{CDE1C264-5E6C-11DF-AC8B-D58FDFD72085}.Debug|Windows Mobile 6.5.3 Professional DTK (ARMV4I).Build.0 = Static Debug|Windows Mobile 6.5.3 Professional DTK (ARMV4I)
		{CDE1C264-5E6C-11DF-AC8B-D58FDFD72085}.Debug|Windows Mobile 6.5.3 Professional DTK (ARMV4I).Deploy.0 = Static Debug|Windows Mobile 6.5.3 Professional DTK (ARMV4I)
		{CDE1C264-5E6C-11DF-AC8B-D58FDFD72085}.Release|Pocket PC 2003 (ARMV4).ActiveCfg = Static Release|Pocket PC 2003 (ARMV4)
		{CDE1C264-5E6C-11DF-AC8B-D58FDFD72085}.Release|Pocket PC 2003 (ARMV4).Build.0 = Static Release|Pocket PC 2003 (ARMV4)
		{CDE1C264-5E6C-11DF-AC8B-D58FDFD72085}.Release|Pocket PC 2003 (ARMV4).Deploy.0 = Static Release|Pocket PC 2003 (ARMV4)
		{CDE1C264-5E6C-11DF-AC8B-D58FDFD72085}.Release|Smartphone 2003 (ARMV4).ActiveCfg = Static Release|Smartphone 2003 (ARMV4)
		{CDE1C264-5E6C-11DF-AC8B-D58FDFD72085}.Release|Smartphone 2003 (ARMV4).Build.0 = Static Release|Smartphone 2003 (ARMV4)
		{CDE1C264-5E6C-11DF-AC8B-D58FDFD72085}.Release|Smartphone 2003 (ARMV4).Deploy.0 = Static Release|Smartphone 2003 (ARMV4)
		{CDE1C264-5E6C-11DF-AC8B-D58FDFD72085}.Release|Windows Mobile 6.5.3 Professional DTK (ARMV4I).ActiveCfg = Static Release|Windows Mobile 6.5.3 Professional DTK (ARMV4I)
		{CDE1C264-5E6C-11DF-AC8B-D58FDFD72085}.Release|Windows Mobile 6.5.3 Professional DTK (ARMV4I).Build.0 = Static Release|Windows Mobile 6.5.3 Professional DTK (ARMV4I)
		{CDE1C264-5E6C-11DF-AC8B-D58FDFD72085}.Release|Windows Mobile 6.5.3 Professional DTK (ARMV4I).Deploy.0 = Static Release|Windows Mobile 6.5.3 Professional DTK (ARMV4I)
		{CDE1C264-5E6C-11DF-AC8B-D58FDFD72085}.Static Debug|Pocket PC 2003 (ARMV4).ActiveCfg = Static Debug|Pocket PC 2003 (ARMV4)
		{CDE1C264-5E6C-11DF-AC8B-D58FDFD72085}.Static Debug|Pocket PC 2003 (ARMV4).Build.0 = Static Debug|Pocket PC 2003 (ARMV4)
		{CDE1C264-5E6C-11DF-AC8B-D58FDFD72085}.Static Debug|Pocket PC 2003 (ARMV4).Deploy.0 = Static Debug|Pocket PC 2003 (ARMV4)
		{CDE1C264-5E6C-11DF-AC8B-D58FDFD72085}.Static Debug|Smartphone 2003 (ARMV4).ActiveCfg = Static Debug|Smartphone 2003 (ARMV4)
		{CDE1C264-5E6C-11DF-AC8B-D58FDFD72085}.Static Debug|Smartphone 2003 (ARMV4).Build.0 = Static Debug|Smartphone 2003 (ARMV4)
		{CDE1C264-5E6C-11DF-AC8B-D58FDFD72085}.Static Debug|Smartphone 2003 (ARMV4).Deploy.0 = Static Debug|Smartphone 2003 (ARMV4)
		{CDE1C264-5E6C-11DF-AC8B-D58FDFD72085}.Static Debug|Windows Mobile 6.5.3 Professional DTK (ARMV4I).ActiveCfg = Static Debug|Windows Mobile 6.5.3 Professional DTK (ARMV4I)
		{CDE1C264-5E6C-11DF-AC8B-D58FDFD72085}.Static Debug|Windows Mobile 6.5.3 Professional DTK (ARMV4I).Build.0 = Static Debug|Windows Mobile 6.5.3 Professional DTK (ARMV4I)
		{CDE1C264-5E6C-11DF-AC8B-D58FDFD72085}.Static Debug|Windows Mobile 6.5.3 Professional DTK (ARMV4I).Deploy.0 = Static Debug|Windows Mobile 6.5.3 Professional DTK (ARMV4I)
		{CDE1C264-5E6C-11DF-AC8B-D58FDFD72085}.Static Release|Pocket PC 2003 (ARMV4).ActiveCfg = Static Release|Pocket PC 2003 (ARMV4)
		{CDE1C264-5E6C-11DF-AC8B-D58FDFD72085}.Static Release|Pocket PC 2003 (ARMV4).Build.0 = Static Release|Pocket PC 2003 (ARMV4)
		{CDE1C264-5E6C-11DF-AC8B-D58FDFD72085}.Static Release|Pocket PC 2003 (ARMV4).Deploy.0 = Static Release|Pocket PC 2003 (ARMV4)
		{CDE1C264-5E6C-11DF-AC8B-D58FDFD72085}.Static Release|Smartphone 2003 (ARMV4).ActiveCfg = Static Release|Smartphone 2003 (ARMV4)
		{CDE1C264-5E6C-11DF-AC8B-D58FDFD72085}.Static Release|Smartphone 2003 (ARMV4).Build.0 = Static Release|Smartphone 2003 (ARMV4)
		{CDE1C264-5E6C-11DF-AC8B-D58FDFD72085}.Static Release|Smartphone 2003 (ARMV4).Deploy.0 = Static Release|Smartphone 2003 (ARMV4)
		{CDE1C264-5E6C-11DF-AC8B-D58FDFD72085}.Static Release|Windows Mobile 6.5.3 Professional DTK (ARMV4I).ActiveCfg = Static Release|Windows Mobile 6.5.3 Professional DTK (ARMV4I)
		{CDE1C264-5E6C-11DF-AC8B-D58FDFD72085}.Static Release|Windows Mobile 6.5.3 Professional DTK (ARMV4I).Build.0 = Static Release|Windows Mobile 6.5.3 Professional DTK (ARMV4I)
		{CDE1C264-5E6C-11DF-AC8B-D58FDFD72085}.Static Release|Windows Mobile 6.5.3 Professional DTK (ARMV4I).Deploy.0 = Static Release|Windows Mobile 6.5.3 Professional DTK (ARMV4I)
		{F016AF0B-CBFD-4083-B501-4A1D0A934A2D}.Debug|Pocket PC 2003 (ARMV4).ActiveCfg = Static Debug|Pocket PC 2003 (ARMV4)
		{F016AF0B-CBFD-4083-B501-4A1D0A934A2D}.Debug|Pocket PC 2003 (ARMV4).Build.0 = Static Debug|Pocket PC 2003 (ARMV4)
		{F016AF0B-CBFD-4083-B501-4A1D0A934A2D}.Debug|Pocket PC 2003 (ARMV4).Deploy.0 = Static Debug|Pocket PC 2003 (ARMV4)
		{F016AF0B-CBFD-4083-B501-4A1D0A934A2D}.Debug|Smartphone 2003 (ARMV4).ActiveCfg = Static Debug|Smartphone 2003 (ARMV4)
		{F016AF0B-CBFD-4083-B501-4A1D0A934A2D}.Debug|Smartphone 2003 (ARMV4).Build.0 = Static Debug|Smartphone 2003 (ARMV4)
		{F016AF0B-CBFD-4083-B501-4A1D0A934A2D}.Debug|Smartphone 2003 (ARMV4).Deploy.0 = Static Debug|Smartphone 2003 (ARMV4)
		{F016AF0B-CBFD-4083-B501-4A1D0A934A2D}.Debug|Windows Mobile 6.5.3 Professional DTK (ARMV4I).ActiveCfg = Static Debug|Windows Mobile 6.5.3 Professional DTK (ARMV4I)
		{F016AF0B-CBFD-4083-B501-4A1D0A934A2D}.Debug|Windows Mobile 6.5.3 Professional DTK (ARMV4I).Build.0 = Static Debug|Windows Mobile 6.5.3 Professional DTK (ARMV4I)
		{F016AF0B-CBFD-4083-B501-4A1D0A934A2D}.Debug|Windows Mobile 6.5.3 Professional DTK (ARMV4I).Deploy.0 = Static Debug|Windows Mobile 6.5.3 Professional DTK (ARMV4I)
		{F016AF0B-CBFD-4083-B501-4A1D0A934A2D}.Release|Pocket PC 2003 (ARMV4).ActiveCfg = Static Release|Pocket PC 2003 (ARMV4)
		{F016AF0B-CBFD-4083-B501-4A1D0A934A2D}.Release|Pocket PC 2003 (ARMV4).Build.0 = Static Release|Pocket PC 2003 (ARMV4)
		{F016AF0B-CBFD-4083-B501-4A1D0A934A2D}.Release|Pocket PC 2003 (ARMV4).Deploy.0 = Static Release|Pocket PC 2003 (ARMV4)
		{F016AF0B-CBFD-4083-B501-4A1D0A934A2D}.Release|Smartphone 2003 (ARMV4).ActiveCfg = Static Release|Smartphone 2003 (ARMV4)
		{F016AF0B-CBFD-4083-B501-4A1D0A934A2D}.Release|Smartphone 2003 (ARMV4).Build.0 = Static Release|Smartphone 2003 (ARMV4)
		{F016AF0B-CBFD-4083-B501-4A1D0A934A2D}.Release|Smartphone 2003 (ARMV4).Deploy.0 = Static Release|Smartphone 2003 (ARMV4)
		{F016AF0B-CBFD-4083-B501-4A1D0A934A2D}.Release|Windows Mobile 6.5.3 Professional DTK (ARMV4I).ActiveCfg = Static Release|Windows Mobile 6.5.3 Professional DTK (ARMV4I)
		{F016AF0B-CBFD-4083-B501-4A1D0A934A2D}.Release|Windows Mobile 6.5.3 Professional DTK (ARMV4I).Build.0 = Static Release|Windows Mobile 6.5.3 Professional DTK (ARMV4I)
		{F016AF0B-CBFD-4083-B501-4A1D0A934A2D}.Release|Windows Mobile 6.5.3 Professional DTK (ARMV4I).Deploy.0 = Static Release|Windows Mobile 6.5.3 Professional DTK (ARMV4I)
		{F016AF0B-CBFD-4083-B501-4A1D0A934A2D}.Static Debug|Pocket PC 2003 (ARMV4).ActiveCfg = Static Debug|Pocket PC 2003 (ARMV4)
		{F016AF0B-CBFD-4083-B501-4A1D0A934A2D}.Static Debug|Pocket PC 2003 (ARMV4).Build.0 = Static Debug|Pocket PC 2003 (ARMV4)
		{F016AF0B-CBFD-4083-B501-4A1D0A934A2D}.Static Debug|Pocket PC 2003 (ARMV4).Deploy.0 = Static Debug|Pocket PC 2003 (ARMV4)
		{F016AF0B-CBFD-4083-B501-4A1D0A934A2D}.Static Debug|Smartphone 2003 (ARMV4).ActiveCfg = Static Debug|Smartphone 2003 (ARMV4)
		{F016AF0B-CBFD-4083-B501-4A1D0A934A2D}.Static Debug|Smartphone 2003 (ARMV4).Build.0 = Static Debug|Smartphone 2003 (ARMV4)
		{F016AF0B-CBFD-4083-B501-4A1D0A934A2D}.Static Debug|Smartphone 2003 (ARMV4).Deploy.0 = Static Debug|Smartphone 2003 (ARMV4)
		{F016AF0B-CBFD-4083-B501-4A1D0A934A2D}.Static Debug|Windows Mobile 6.5.3 Professional DTK (ARMV4I).ActiveCfg = Static Debug|Windows Mobile 6.5.3 Professional DTK (ARMV4I)
		{F016AF0B-CBFD-4083-B501-4A1D0A934A2D}.Static Debug|Windows Mobile 6.5.3 Professional DTK (ARMV4I).Build.0 = Static Debug|Windows Mobile 6.5.3 Professional DTK (ARMV4I)
		{F016AF0B-CBFD-4083-B501-4A1D0A934A2D}.Static Debug|Windows Mobile 6.5.3 Professional DTK (ARMV4I).Deploy.0 = Static Debug|Windows Mobile 6.5.3 Professional DTK (ARMV4I)
		{F016AF0B-CBFD-4083-B501-4A1D0A934A2D}.Static Release|Pocket PC 2003 (ARMV4).ActiveCfg = Static Release|Pocket PC 2003 (ARMV4)
		{F016AF0B-CBFD-4083-B501-4A1D0A934A2D}.Static Release|Pocket PC 2003 (ARMV4).Build.0 = Static Release|Pocket PC 2003 (ARMV4)
		{F016AF0B-CBFD-4083-B501-4A1D0A934A2D}.Static Release|Pocket PC 2003 (ARMV4).Deploy.0 = Static Release|Pocket PC 2003 (ARMV4)
		{F016AF0B-CBFD-4083-B501-4A1D0A934A2D}.Static Release|Smartphone 2003 (ARMV4).ActiveCfg = Static Release|Smartphone 2003 (ARMV4)
		{F016AF0B-CBFD-4083-B501-4A1D0A934A2D}.Static Release|Smartphone 2003 (ARMV4).Build.0 = Static Release|Smartphone 2003 (ARMV4)
		{F016AF0B-CBFD-4083-B501-4A1D0A934A2D}.Static Release|Smartphone 2003 (ARMV4).Deploy.0 = Static Release|Smartphone 2003 (ARMV4)
		{F016AF0B-CBFD-4083-B501-4A1D0A934A2D}.Static Release|Windows Mobile 6.5.3 Professional DTK (ARMV4I).ActiveCfg = Static Release|Windows Mobile 6.5.3 Professional DTK (ARMV4I)
		{F016AF0B-CBFD-4083-B501-4A1D0A934A2D}.Static Release|Windows Mobile 6.5.3 Professional DTK (ARMV4I).Build.0 = Static Release|Windows Mobile 6.5.3 Professional DTK (ARMV4I)
		{F016AF0B-CBFD-4083-B501-4A1D0A934A2D}.Static Release|Windows Mobile 6.5.3 Professional DTK (ARMV4I).Deploy.0 = Static Release|Windows Mobile 6.5.3 Professional DTK (ARMV4I)
	EndGlobalSection
	GlobalSection(SolutionProperties) = preSolution
		HideSolutionNode = FALSE
	EndGlobalSection
EndGlobal
